
Microsoft Visual Studio Solution File, Format Version 12.00
# Visual Studio Version 16
VisualStudioVersion = 16.0.31205.134
MinimumVisualStudioVersion = 10.0.40219.1
Project("{FAE04EC0-301F-11D3-BF4B-00C04F79EFBC}") = "IP-Helper", "IP-Helper\IP-Helper.csproj", "{89216F1B-12E9-47FF-B379-EBB60BB18749}"
EndProject
Global
	GlobalSection(SolutionConfigurationPlatforms) = preSolution
		Debug|Any CPU = Debug|Any CPU
		Release|Any CPU = Release|Any CPU
	EndGlobalSection
	GlobalSection(ProjectConfigurationPlatforms) = postSolution
		{89216F1B-12E9-47FF-B379-EBB60BB18749}.Debug|Any CPU.ActiveCfg = Debug|Any CPU
		{89216F1B-12E9-47FF-B379-EBB60BB18749}.Debug|Any CPU.Build.0 = Debug|Any CPU
		{89216F1B-12E9-47FF-B379-EBB60BB18749}.Release|Any CPU.ActiveCfg = Release|Any CPU
		{89216F1B-12E9-47FF-B379-EBB60BB18749}.Release|Any CPU.Build.0 = Release|Any CPU
	EndGlobalSection
	GlobalSection(SolutionProperties) = preSolution
		HideSolutionNode = FALSE
	EndGlobalSection
	GlobalSection(ExtensibilityGlobals) = postSolution
		SolutionGuid = {645C6408-F0D0-48B5-BB07-B3385EE53FCC}
	EndGlobalSection
EndGlobal
